
Microsoft Visual Studio Solution File, Format Version 12.00
# Visual Studio 15
VisualStudioVersion = 15.0.28307.572
MinimumVisualStudioVersion = 10.0.40219.1
Project("{FAE04EC0-301F-11D3-BF4B-00C04F79EFBC}") = "CSharpTest1", "CSharpTest1\CSharpTest1.csproj", "{DC427333-50D1-42A2-BC4B-7F0B704FC6AC}"
EndProject
Global
	GlobalSection(SolutionConfigurationPlatforms) = preSolution
		Debug|Any CPU = Debug|Any CPU
		Release|Any CPU = Release|Any CPU
	EndGlobalSection
	GlobalSection(ProjectConfigurationPlatforms) = postSolution
		{DC427333-50D1-42A2-BC4B-7F0B704FC6AC}.Debug|Any CPU.ActiveCfg = Debug|Any CPU
		{DC427333-50D1-42A2-BC4B-7F0B704FC6AC}.Debug|Any CPU.Build.0 = Debug|Any CPU
		{DC427333-50D1-42A2-BC4B-7F0B704FC6AC}.Release|Any CPU.ActiveCfg = Release|Any CPU
		{DC427333-50D1-42A2-BC4B-7F0B704FC6AC}.Release|Any CPU.Build.0 = Release|Any CPU
	EndGlobalSection
	GlobalSection(SolutionProperties) = preSolution
		HideSolutionNode = FALSE
	EndGlobalSection
	GlobalSection(ExtensibilityGlobals) = postSolution
		SolutionGuid = {F2846E15-8443-4BED-AA04-3A33C552E8A8}
	EndGlobalSection
EndGlobal
